// !$*UTF8*$!
{
	archiveVersion = 1;
	classes = {
	};
	objectVersion = 50;
	objects = {

/* Begin PBXBuildFile section */
		319E009AFFA041BDEBF9DB1D /* Pods_youtube_uploadTests.framework in Frameworks */ = {isa = PBXBuildFile; fileRef = 5CFA9659ED26117432F84213 /* Pods_youtube_uploadTests.framework */; };
		37CFA8EF7C29EC5324A72CD5 /* Pods_youtube_uploadUITests.framework in Frameworks */ = {isa = PBXBuildFile; fileRef = C84E234AB11090BC817CB426 /* Pods_youtube_uploadUITests.framework */; };
		66146315B264D1D27350A701 /* Pods_youtube_upload.framework in Frameworks */ = {isa = PBXBuildFile; fileRef = 1431ECBE059CCE8D717EA1DC /* Pods_youtube_upload.framework */; };
		73E8405F2146EA3F00E4139F /* AppDelegate.swift in Sources */ = {isa = PBXBuildFile; fileRef = 73E8405E2146EA3F00E4139F /* AppDelegate.swift */; };
		73E840612146EA3F00E4139F /* ViewController.swift in Sources */ = {isa = PBXBuildFile; fileRef = 73E840602146EA3F00E4139F /* ViewController.swift */; };
		73E840642146EA3F00E4139F /* Main.storyboard in Resources */ = {isa = PBXBuildFile; fileRef = 73E840622146EA3F00E4139F /* Main.storyboard */; };
		73E840662146EA4200E4139F /* Assets.xcassets in Resources */ = {isa = PBXBuildFile; fileRef = 73E840652146EA4200E4139F /* Assets.xcassets */; };
		73E840692146EA4200E4139F /* LaunchScreen.storyboard in Resources */ = {isa = PBXBuildFile; fileRef = 73E840672146EA4200E4139F /* LaunchScreen.storyboard */; };
		73E840742146EA4200E4139F /* youtube_uploadTests.swift in Sources */ = {isa = PBXBuildFile; fileRef = 73E840732146EA4200E4139F /* youtube_uploadTests.swift */; };
		73E8407F2146EA4200E4139F /* youtube_uploadUITests.swift in Sources */ = {isa = PBXBuildFile; fileRef = 73E8407E2146EA4200E4139F /* youtube_uploadUITests.swift */; };
		73E8408D2146ECC800E4139F /* GoogleService-Info.plist in Resources */ = {isa = PBXBuildFile; fileRef = 73E8408C2146ECC800E4139F /* GoogleService-Info.plist */; };
		73E840912146EEA800E4139F /* YouTubeManager.swift in Sources */ = {isa = PBXBuildFile; fileRef = 73E840902146EEA800E4139F /* YouTubeManager.swift */; };
		73E840932146EFDF00E4139F /* test.mov in Resources */ = {isa = PBXBuildFile; fileRef = 73E840922146EFDF00E4139F /* test.mov */; };
/* End PBXBuildFile section */

/* Begin PBXContainerItemProxy section */
		73E840702146EA4200E4139F /* PBXContainerItemProxy */ = {
			isa = PBXContainerItemProxy;
			containerPortal = 73E840532146EA3E00E4139F /* Project object */;
			proxyType = 1;
			remoteGlobalIDString = 73E8405A2146EA3F00E4139F;
			remoteInfo = "youtube-upload";
		};
		73E8407B2146EA4200E4139F /* PBXContainerItemProxy */ = {
			isa = PBXContainerItemProxy;
			containerPortal = 73E840532146EA3E00E4139F /* Project object */;
			proxyType = 1;
			remoteGlobalIDString = 73E8405A2146EA3F00E4139F;
			remoteInfo = "youtube-upload";
		};
/* End PBXContainerItemProxy section */

/* Begin PBXFileReference section */
		1431ECBE059CCE8D717EA1DC /* Pods_youtube_upload.framework */ = {isa = PBXFileReference; explicitFileType = wrapper.framework; includeInIndex = 0; path = Pods_youtube_upload.framework; sourceTree = BUILT_PRODUCTS_DIR; };
		3612D6E6DCF84E65771BF56F /* Pods-youtube-uploadUITests.release.xcconfig */ = {isa = PBXFileReference; includeInIndex = 1; lastKnownFileType = text.xcconfig; name = "Pods-youtube-uploadUITests.release.xcconfig"; path = "Target Support Files/Pods-youtube-uploadUITests/Pods-youtube-uploadUITests.release.xcconfig"; sourceTree = "<group>"; };
		3C10781BE42F40E7E77ADF49 /* Pods-youtube-upload.release.xcconfig */ = {isa = PBXFileReference; includeInIndex = 1; lastKnownFileType = text.xcconfig; name = "Pods-youtube-upload.release.xcconfig"; path = "Target Support Files/Pods-youtube-upload/Pods-youtube-upload.release.xcconfig"; sourceTree = "<group>"; };
		4379A9A3D385994799FDA8EB /* Pods-youtube-uploadTests.release.xcconfig */ = {isa = PBXFileReference; includeInIndex = 1; lastKnownFileType = text.xcconfig; name = "Pods-youtube-uploadTests.release.xcconfig"; path = "Target Support Files/Pods-youtube-uploadTests/Pods-youtube-uploadTests.release.xcconfig"; sourceTree = "<group>"; };
		5CFA9659ED26117432F84213 /* Pods_youtube_uploadTests.framework */ = {isa = PBXFileReference; explicitFileType = wrapper.framework; includeInIndex = 0; path = Pods_youtube_uploadTests.framework; sourceTree = BUILT_PRODUCTS_DIR; };
		6DD22BF8796C26BBC9777FE1 /* Pods-youtube-upload.debug.xcconfig */ = {isa = PBXFileReference; includeInIndex = 1; lastKnownFileType = text.xcconfig; name = "Pods-youtube-upload.debug.xcconfig"; path = "Target Support Files/Pods-youtube-upload/Pods-youtube-upload.debug.xcconfig"; sourceTree = "<group>"; };
		73E8405B2146EA3F00E4139F /* youtube-upload.app */ = {isa = PBXFileReference; explicitFileType = wrapper.application; includeInIndex = 0; path = "youtube-upload.app"; sourceTree = BUILT_PRODUCTS_DIR; };
		73E8405E2146EA3F00E4139F /* AppDelegate.swift */ = {isa = PBXFileReference; lastKnownFileType = sourcecode.swift; path = AppDelegate.swift; sourceTree = "<group>"; };
		73E840602146EA3F00E4139F /* ViewController.swift */ = {isa = PBXFileReference; lastKnownFileType = sourcecode.swift; path = ViewController.swift; sourceTree = "<group>"; };
		73E840632146EA3F00E4139F /* Base */ = {isa = PBXFileReference; lastKnownFileType = file.storyboard; name = Base; path = Base.lproj/Main.storyboard; sourceTree = "<group>"; };
		73E840652146EA4200E4139F /* Assets.xcassets */ = {isa = PBXFileReference; lastKnownFileType = folder.assetcatalog; path = Assets.xcassets; sourceTree = "<group>"; };
		73E840682146EA4200E4139F /* Base */ = {isa = PBXFileReference; lastKnownFileType = file.storyboard; name = Base; path = Base.lproj/LaunchScreen.storyboard; sourceTree = "<group>"; };
		73E8406A2146EA4200E4139F /* Info.plist */ = {isa = PBXFileReference; lastKnownFileType = text.plist.xml; path = Info.plist; sourceTree = "<group>"; };
		73E8406F2146EA4200E4139F /* youtube-uploadTests.xctest */ = {isa = PBXFileReference; explicitFileType = wrapper.cfbundle; includeInIndex = 0; path = "youtube-uploadTests.xctest"; sourceTree = BUILT_PRODUCTS_DIR; };
		73E840732146EA4200E4139F /* youtube_uploadTests.swift */ = {isa = PBXFileReference; lastKnownFileType = sourcecode.swift; path = youtube_uploadTests.swift; sourceTree = "<group>"; };
		73E840752146EA4200E4139F /* Info.plist */ = {isa = PBXFileReference; lastKnownFileType = text.plist.xml; path = Info.plist; sourceTree = "<group>"; };
		73E8407A2146EA4200E4139F /* youtube-uploadUITests.xctest */ = {isa = PBXFileReference; explicitFileType = wrapper.cfbundle; includeInIndex = 0; path = "youtube-uploadUITests.xctest"; sourceTree = BUILT_PRODUCTS_DIR; };
		73E8407E2146EA4200E4139F /* youtube_uploadUITests.swift */ = {isa = PBXFileReference; lastKnownFileType = sourcecode.swift; path = youtube_uploadUITests.swift; sourceTree = "<group>"; };
		73E840802146EA4200E4139F /* Info.plist */ = {isa = PBXFileReference; lastKnownFileType = text.plist.xml; path = Info.plist; sourceTree = "<group>"; };
		73E8408C2146ECC800E4139F /* GoogleService-Info.plist */ = {isa = PBXFileReference; fileEncoding = 4; lastKnownFileType = text.plist.xml; path = "GoogleService-Info.plist"; sourceTree = "<group>"; };
		73E840902146EEA800E4139F /* YouTubeManager.swift */ = {isa = PBXFileReference; fileEncoding = 4; lastKnownFileType = sourcecode.swift; name = YouTubeManager.swift; path = ../../../../Downloads/YouTubeManager.swift; sourceTree = "<group>"; };
		73E840922146EFDF00E4139F /* test.mov */ = {isa = PBXFileReference; lastKnownFileType = video.quicktime; path = test.mov; sourceTree = "<group>"; };
		91F65B73C27DA97F2F391AC8 /* Pods-youtube-uploadUITests.debug.xcconfig */ = {isa = PBXFileReference; includeInIndex = 1; lastKnownFileType = text.xcconfig; name = "Pods-youtube-uploadUITests.debug.xcconfig"; path = "Target Support Files/Pods-youtube-uploadUITests/Pods-youtube-uploadUITests.debug.xcconfig"; sourceTree = "<group>"; };
		C84E234AB11090BC817CB426 /* Pods_youtube_uploadUITests.framework */ = {isa = PBXFileReference; explicitFileType = wrapper.framework; includeInIndex = 0; path = Pods_youtube_uploadUITests.framework; sourceTree = BUILT_PRODUCTS_DIR; };
		E41C0F532BD2392A75957A34 /* Pods-youtube-uploadTests.debug.xcconfig */ = {isa = PBXFileReference; includeInIndex = 1; lastKnownFileType = text.xcconfig; name = "Pods-youtube-uploadTests.debug.xcconfig"; path = "Target Support Files/Pods-youtube-uploadTests/Pods-youtube-uploadTests.debug.xcconfig"; sourceTree = "<group>"; };
/* End PBXFileReference section */

/* Begin PBXFrameworksBuildPhase section */
		73E840582146EA3F00E4139F /* Frameworks */ = {
			isa = PBXFrameworksBuildPhase;
			buildActionMask = 2147483647;
			files = (
				66146315B264D1D27350A701 /* Pods_youtube_upload.framework in Frameworks */,
			);
			runOnlyForDeploymentPostprocessing = 0;
		};
		73E8406C2146EA4200E4139F /* Frameworks */ = {
			isa = PBXFrameworksBuildPhase;
			buildActionMask = 2147483647;
			files = (
				319E009AFFA041BDEBF9DB1D /* Pods_youtube_uploadTests.framework in Frameworks */,
			);
			runOnlyForDeploymentPostprocessing = 0;
		};
		73E840772146EA4200E4139F /* Frameworks */ = {
			isa = PBXFrameworksBuildPhase;
			buildActionMask = 2147483647;
			files = (
				37CFA8EF7C29EC5324A72CD5 /* Pods_youtube_uploadUITests.framework in Frameworks */,
			);
			runOnlyForDeploymentPostprocessing = 0;
		};
/* End PBXFrameworksBuildPhase section */

/* Begin PBXGroup section */
		04E5DACF84F1FC8C3637915F /* Pods */ = {
			isa = PBXGroup;
			children = (
				6DD22BF8796C26BBC9777FE1 /* Pods-youtube-upload.debug.xcconfig */,
				3C10781BE42F40E7E77ADF49 /* Pods-youtube-upload.release.xcconfig */,
				E41C0F532BD2392A75957A34 /* Pods-youtube-uploadTests.debug.xcconfig */,
				4379A9A3D385994799FDA8EB /* Pods-youtube-uploadTests.release.xcconfig */,
				91F65B73C27DA97F2F391AC8 /* Pods-youtube-uploadUITests.debug.xcconfig */,
				3612D6E6DCF84E65771BF56F /* Pods-youtube-uploadUITests.release.xcconfig */,
			);
			path = Pods;
			sourceTree = "<group>";
		};
		63276570646E5F8CD9E7750B /* Frameworks */ = {
			isa = PBXGroup;
			children = (
				1431ECBE059CCE8D717EA1DC /* Pods_youtube_upload.framework */,
				5CFA9659ED26117432F84213 /* Pods_youtube_uploadTests.framework */,
				C84E234AB11090BC817CB426 /* Pods_youtube_uploadUITests.framework */,
			);
			name = Frameworks;
			sourceTree = "<group>";
		};
		73E840522146EA3E00E4139F = {
			isa = PBXGroup;
			children = (
				73E8405D2146EA3F00E4139F /* youtube-upload */,
				73E840722146EA4200E4139F /* youtube-uploadTests */,
				73E8407D2146EA4200E4139F /* youtube-uploadUITests */,
				73E8405C2146EA3F00E4139F /* Products */,
				04E5DACF84F1FC8C3637915F /* Pods */,
				63276570646E5F8CD9E7750B /* Frameworks */,
			);
			sourceTree = "<group>";
		};
		73E8405C2146EA3F00E4139F /* Products */ = {
			isa = PBXGroup;
			children = (
				73E8405B2146EA3F00E4139F /* youtube-upload.app */,
				73E8406F2146EA4200E4139F /* youtube-uploadTests.xctest */,
				73E8407A2146EA4200E4139F /* youtube-uploadUITests.xctest */,
			);
			name = Products;
			sourceTree = "<group>";
		};
		73E8405D2146EA3F00E4139F /* youtube-upload */ = {
			isa = PBXGroup;
			children = (
				73E8405E2146EA3F00E4139F /* AppDelegate.swift */,
				73E840602146EA3F00E4139F /* ViewController.swift */,
				73E840622146EA3F00E4139F /* Main.storyboard */,
				73E840902146EEA800E4139F /* YouTubeManager.swift */,
				73E840652146EA4200E4139F /* Assets.xcassets */,
				73E840672146EA4200E4139F /* LaunchScreen.storyboard */,
				73E840922146EFDF00E4139F /* test.mov */,
				73E8408C2146ECC800E4139F /* GoogleService-Info.plist */,
				73E8406A2146EA4200E4139F /* Info.plist */,
			);
			path = "youtube-upload";
			sourceTree = "<group>";
		};
		73E840722146EA4200E4139F /* youtube-uploadTests */ = {
			isa = PBXGroup;
			children = (
				73E840732146EA4200E4139F /* youtube_uploadTests.swift */,
				73E840752146EA4200E4139F /* Info.plist */,
			);
			path = "youtube-uploadTests";
			sourceTree = "<group>";
		};
		73E8407D2146EA4200E4139F /* youtube-uploadUITests */ = {
			isa = PBXGroup;
			children = (
				73E8407E2146EA4200E4139F /* youtube_uploadUITests.swift */,
				73E840802146EA4200E4139F /* Info.plist */,
			);
			path = "youtube-uploadUITests";
			sourceTree = "<group>";
		};
/* End PBXGroup section */

/* Begin PBXNativeTarget section */
		73E8405A2146EA3F00E4139F /* youtube-upload */ = {
			isa = PBXNativeTarget;
			buildConfigurationList = 73E840832146EA4200E4139F /* Build configuration list for PBXNativeTarget "youtube-upload" */;
			buildPhases = (
				2F779DCF47F83E8874561146 /* [CP] Check Pods Manifest.lock */,
				73E840572146EA3F00E4139F /* Sources */,
				73E840582146EA3F00E4139F /* Frameworks */,
				73E840592146EA3F00E4139F /* Resources */,
				10D601A4C85F9D15FCD1119B /* [CP] Embed Pods Frameworks */,
				766DB71554A747F3F61F0ED2 /* [CP] Copy Pods Resources */,
			);
			buildRules = (
			);
			dependencies = (
			);
			name = "youtube-upload";
			productName = "youtube-upload";
			productReference = 73E8405B2146EA3F00E4139F /* youtube-upload.app */;
			productType = "com.apple.product-type.application";
		};
		73E8406E2146EA4200E4139F /* youtube-uploadTests */ = {
			isa = PBXNativeTarget;
			buildConfigurationList = 73E840862146EA4200E4139F /* Build configuration list for PBXNativeTarget "youtube-uploadTests" */;
			buildPhases = (
				FAA844380E3B2B884D119BFF /* [CP] Check Pods Manifest.lock */,
				73E8406B2146EA4200E4139F /* Sources */,
				73E8406C2146EA4200E4139F /* Frameworks */,
				73E8406D2146EA4200E4139F /* Resources */,
			);
			buildRules = (
			);
			dependencies = (
				73E840712146EA4200E4139F /* PBXTargetDependency */,
			);
			name = "youtube-uploadTests";
			productName = "youtube-uploadTests";
			productReference = 73E8406F2146EA4200E4139F /* youtube-uploadTests.xctest */;
			productType = "com.apple.product-type.bundle.unit-test";
		};
		73E840792146EA4200E4139F /* youtube-uploadUITests */ = {
			isa = PBXNativeTarget;
			buildConfigurationList = 73E840892146EA4200E4139F /* Build configuration list for PBXNativeTarget "youtube-uploadUITests" */;
			buildPhases = (
				C87EC0CB0D417A26D876780A /* [CP] Check Pods Manifest.lock */,
				73E840762146EA4200E4139F /* Sources */,
				73E840772146EA4200E4139F /* Frameworks */,
				73E840782146EA4200E4139F /* Resources */,
			);
			buildRules = (
			);
			dependencies = (
				73E8407C2146EA4200E4139F /* PBXTargetDependency */,
			);
			name = "youtube-uploadUITests";
			productName = "youtube-uploadUITests";
			productReference = 73E8407A2146EA4200E4139F /* youtube-uploadUITests.xctest */;
			productType = "com.apple.product-type.bundle.ui-testing";
		};
/* End PBXNativeTarget section */

/* Begin PBXProject section */
		73E840532146EA3E00E4139F /* Project object */ = {
			isa = PBXProject;
			attributes = {
				LastSwiftUpdateCheck = 0940;
				LastUpgradeCheck = 0940;
				ORGANIZATIONNAME = "Aviral Aggarwal";
				TargetAttributes = {
					73E8405A2146EA3F00E4139F = {
						CreatedOnToolsVersion = 9.4.1;
					};
					73E8406E2146EA4200E4139F = {
						CreatedOnToolsVersion = 9.4.1;
						TestTargetID = 73E8405A2146EA3F00E4139F;
					};
					73E840792146EA4200E4139F = {
						CreatedOnToolsVersion = 9.4.1;
						TestTargetID = 73E8405A2146EA3F00E4139F;
					};
				};
			};
			buildConfigurationList = 73E840562146EA3F00E4139F /* Build configuration list for PBXProject "youtube-upload" */;
			compatibilityVersion = "Xcode 9.3";
			developmentRegion = en;
			hasScannedForEncodings = 0;
			knownRegions = (
				en,
				Base,
			);
			mainGroup = 73E840522146EA3E00E4139F;
			productRefGroup = 73E8405C2146EA3F00E4139F /* Products */;
			projectDirPath = "";
			projectRoot = "";
			targets = (
				73E8405A2146EA3F00E4139F /* youtube-upload */,
				73E8406E2146EA4200E4139F /* youtube-uploadTests */,
				73E840792146EA4200E4139F /* youtube-uploadUITests */,
			);
		};
/* End PBXProject section */

/* Begin PBXResourcesBuildPhase section */
		73E840592146EA3F00E4139F /* Resources */ = {
			isa = PBXResourcesBuildPhase;
			buildActionMask = 2147483647;
			files = (
				73E840692146EA4200E4139F /* LaunchScreen.storyboard in Resources */,
				73E840932146EFDF00E4139F /* test.mov in Resources */,
				73E8408D2146ECC800E4139F /* GoogleService-Info.plist in Resources */,
				73E840662146EA4200E4139F /* Assets.xcassets in Resources */,
				73E840642146EA3F00E4139F /* Main.storyboard in Resources */,
			);
			runOnlyForDeploymentPostprocessing = 0;
		};
		73E8406D2146EA4200E4139F /* Resources */ = {
			isa = PBXResourcesBuildPhase;
			buildActionMask = 2147483647;
			files = (
			);
			runOnlyForDeploymentPostprocessing = 0;
		};
		73E840782146EA4200E4139F /* Resources */ = {
			isa = PBXResourcesBuildPhase;
			buildActionMask = 2147483647;
			files = (
			);
			runOnlyForDeploymentPostprocessing = 0;
		};
/* End PBXResourcesBuildPhase section */

/* Begin PBXShellScriptBuildPhase section */
		10D601A4C85F9D15FCD1119B /* [CP] Embed Pods Frameworks */ = {
			isa = PBXShellScriptBuildPhase;
			buildActionMask = 2147483647;
			files = (
			);
			inputPaths = (
				"${PODS_ROOT}/Target Support Files/Pods-youtube-upload/Pods-youtube-upload-frameworks.sh",
				"${BUILT_PRODUCTS_DIR}/Alamofire/Alamofire.framework",
				"${BUILT_PRODUCTS_DIR}/GTMOAuth2/GTMOAuth2.framework",
				"${BUILT_PRODUCTS_DIR}/GTMSessionFetcher/GTMSessionFetcher.framework",
				"${BUILT_PRODUCTS_DIR}/GoogleToolboxForMac/GoogleToolboxForMac.framework",
				"${BUILT_PRODUCTS_DIR}/SwiftyJSON/SwiftyJSON.framework",
			);
			name = "[CP] Embed Pods Frameworks";
			outputPaths = (
				"${TARGET_BUILD_DIR}/${FRAMEWORKS_FOLDER_PATH}/Alamofire.framework",
				"${TARGET_BUILD_DIR}/${FRAMEWORKS_FOLDER_PATH}/GTMOAuth2.framework",
				"${TARGET_BUILD_DIR}/${FRAMEWORKS_FOLDER_PATH}/GTMSessionFetcher.framework",
				"${TARGET_BUILD_DIR}/${FRAMEWORKS_FOLDER_PATH}/GoogleToolboxForMac.framework",
				"${TARGET_BUILD_DIR}/${FRAMEWORKS_FOLDER_PATH}/SwiftyJSON.framework",
			);
			runOnlyForDeploymentPostprocessing = 0;
			shellPath = /bin/sh;
			shellScript = "\"${PODS_ROOT}/Target Support Files/Pods-youtube-upload/Pods-youtube-upload-frameworks.sh\"\n";
			showEnvVarsInLog = 0;
		};
		2F779DCF47F83E8874561146 /* [CP] Check Pods Manifest.lock */ = {
			isa = PBXShellScriptBuildPhase;
			buildActionMask = 2147483647;
			files = (
			);
			inputPaths = (
				"${PODS_PODFILE_DIR_PATH}/Podfile.lock",
				"${PODS_ROOT}/Manifest.lock",
			);
			name = "[CP] Check Pods Manifest.lock";
			outputPaths = (
				"$(DERIVED_FILE_DIR)/Pods-youtube-upload-checkManifestLockResult.txt",
			);
			runOnlyForDeploymentPostprocessing = 0;
			shellPath = /bin/sh;
			shellScript = "diff \"${PODS_PODFILE_DIR_PATH}/Podfile.lock\" \"${PODS_ROOT}/Manifest.lock\" > /dev/null\nif [ $? != 0 ] ; then\n    # print error to STDERR\n    echo \"error: The sandbox is not in sync with the Podfile.lock. Run 'pod install' or update your CocoaPods installation.\" >&2\n    exit 1\nfi\n# This output is used by Xcode 'outputs' to avoid re-running this script phase.\necho \"SUCCESS\" > \"${SCRIPT_OUTPUT_FILE_0}\"\n";
			showEnvVarsInLog = 0;
		};
		766DB71554A747F3F61F0ED2 /* [CP] Copy Pods Resources */ = {
			isa = PBXShellScriptBuildPhase;
			buildActionMask = 2147483647;
			files = (
			);
			inputPaths = (
				"${PODS_ROOT}/Target Support Files/Pods-youtube-upload/Pods-youtube-upload-resources.sh",
				"${PODS_ROOT}/GoogleSignIn/Resources/GoogleSignIn.bundle",
			);
			name = "[CP] Copy Pods Resources";
			outputPaths = (
				"${TARGET_BUILD_DIR}/${UNLOCALIZED_RESOURCES_FOLDER_PATH}/GoogleSignIn.bundle",
			);
			runOnlyForDeploymentPostprocessing = 0;
			shellPath = /bin/sh;
			shellScript = "\"${PODS_ROOT}/Target Support Files/Pods-youtube-upload/Pods-youtube-upload-resources.sh\"\n";
			showEnvVarsInLog = 0;
		};
		C87EC0CB0D417A26D876780A /* [CP] Check Pods Manifest.lock */ = {
			isa = PBXShellScriptBuildPhase;
			buildActionMask = 2147483647;
			files = (
			);
			inputPaths = (
				"${PODS_PODFILE_DIR_PATH}/Podfile.lock",
				"${PODS_ROOT}/Manifest.lock",
			);
			name = "[CP] Check Pods Manifest.lock";
			outputPaths = (
				"$(DERIVED_FILE_DIR)/Pods-youtube-uploadUITests-checkManifestLockResult.txt",
			);
			runOnlyForDeploymentPostprocessing = 0;
			shellPath = /bin/sh;
			shellScript = "diff \"${PODS_PODFILE_DIR_PATH}/Podfile.lock\" \"${PODS_ROOT}/Manifest.lock\" > /dev/null\nif [ $? != 0 ] ; then\n    # print error to STDERR\n    echo \"error: The sandbox is not in sync with the Podfile.lock. Run 'pod install' or update your CocoaPods installation.\" >&2\n    exit 1\nfi\n# This output is used by Xcode 'outputs' to avoid re-running this script phase.\necho \"SUCCESS\" > \"${SCRIPT_OUTPUT_FILE_0}\"\n";
			showEnvVarsInLog = 0;
		};
		FAA844380E3B2B884D119BFF /* [CP] Check Pods Manifest.lock */ = {
			isa = PBXShellScriptBuildPhase;
			buildActionMask = 2147483647;
			files = (
			);
			inputPaths = (
				"${PODS_PODFILE_DIR_PATH}/Podfile.lock",
				"${PODS_ROOT}/Manifest.lock",
			);
			name = "[CP] Check Pods Manifest.lock";
			outputPaths = (
				"$(DERIVED_FILE_DIR)/Pods-youtube-uploadTests-checkManifestLockResult.txt",
			);
			runOnlyForDeploymentPostprocessing = 0;
			shellPath = /bin/sh;
			shellScript = "diff \"${PODS_PODFILE_DIR_PATH}/Podfile.lock\" \"${PODS_ROOT}/Manifest.lock\" > /dev/null\nif [ $? != 0 ] ; then\n    # print error to STDERR\n    echo \"error: The sandbox is not in sync with the Podfile.lock. Run 'pod install' or update your CocoaPods installation.\" >&2\n    exit 1\nfi\n# This output is used by Xcode 'outputs' to avoid re-running this script phase.\necho \"SUCCESS\" > \"${SCRIPT_OUTPUT_FILE_0}\"\n";
			showEnvVarsInLog = 0;
		};
/* End PBXShellScriptBuildPhase section */

/* Begin PBXSourcesBuildPhase section */
		73E840572146EA3F00E4139F /* Sources */ = {
			isa = PBXSourcesBuildPhase;
			buildActionMask = 2147483647;
			files = (
				73E840612146EA3F00E4139F /* ViewController.swift in Sources */,
				73E8405F2146EA3F00E4139F /* AppDelegate.swift in Sources */,
				73E840912146EEA800E4139F /* YouTubeManager.swift in Sources */,
			);
			runOnlyForDeploymentPostprocessing = 0;
		};
		73E8406B2146EA4200E4139F /* Sources */ = {
			isa = PBXSourcesBuildPhase;
			buildActionMask = 2147483647;
			files = (
				73E840742146EA4200E4139F /* youtube_uploadTests.swift in Sources */,
			);
			runOnlyForDeploymentPostprocessing = 0;
		};
		73E840762146EA4200E4139F /* Sources */ = {
			isa = PBXSourcesBuildPhase;
			buildActionMask = 2147483647;
			files = (
				73E8407F2146EA4200E4139F /* youtube_uploadUITests.swift in Sources */,
			);
			runOnlyForDeploymentPostprocessing = 0;
		};
/* End PBXSourcesBuildPhase section */

/* Begin PBXTargetDependency section */
		73E840712146EA4200E4139F /* PBXTargetDependency */ = {
			isa = PBXTargetDependency;
			target = 73E8405A2146EA3F00E4139F /* youtube-upload */;
			targetProxy = 73E840702146EA4200E4139F /* PBXContainerItemProxy */;
		};
		73E8407C2146EA4200E4139F /* PBXTargetDependency */ = {
			isa = PBXTargetDependency;
			target = 73E8405A2146EA3F00E4139F /* youtube-upload */;
			targetProxy = 73E8407B2146EA4200E4139F /* PBXContainerItemProxy */;
		};
/* End PBXTargetDependency section */

/* Begin PBXVariantGroup section */
		73E840622146EA3F00E4139F /* Main.storyboard */ = {
			isa = PBXVariantGroup;
			children = (
				73E840632146EA3F00E4139F /* Base */,
			);
			name = Main.storyboard;
			sourceTree = "<group>";
		};
		73E840672146EA4200E4139F /* LaunchScreen.storyboard */ = {
			isa = PBXVariantGroup;
			children = (
				73E840682146EA4200E4139F /* Base */,
			);
			name = LaunchScreen.storyboard;
			sourceTree = "<group>";
		};
/* End PBXVariantGroup section */

/* Begin XCBuildConfiguration section */
		73E840812146EA4200E4139F /* Debug */ = {
			isa = XCBuildConfiguration;
			buildSettings = {
				ALWAYS_SEARCH_USER_PATHS = NO;
				CLANG_ANALYZER_NONNULL = YES;
				CLANG_ANALYZER_NUMBER_OBJECT_CONVERSION = YES_AGGRESSIVE;
				CLANG_CXX_LANGUAGE_STANDARD = "gnu++14";
				CLANG_CXX_LIBRARY = "libc++";
				CLANG_ENABLE_MODULES = YES;
				CLANG_ENABLE_OBJC_ARC = YES;
				CLANG_ENABLE_OBJC_WEAK = YES;
				CLANG_WARN_BLOCK_CAPTURE_AUTORELEASING = YES;
				CLANG_WARN_BOOL_CONVERSION = YES;
				CLANG_WARN_COMMA = YES;
				CLANG_WARN_CONSTANT_CONVERSION = YES;
				CLANG_WARN_DEPRECATED_OBJC_IMPLEMENTATIONS = YES;
				CLANG_WARN_DIRECT_OBJC_ISA_USAGE = YES_ERROR;
				CLANG_WARN_DOCUMENTATION_COMMENTS = YES;
				CLANG_WARN_EMPTY_BODY = YES;
				CLANG_WARN_ENUM_CONVERSION = YES;
				CLANG_WARN_INFINITE_RECURSION = YES;
				CLANG_WARN_INT_CONVERSION = YES;
				CLANG_WARN_NON_LITERAL_NULL_CONVERSION = YES;
				CLANG_WARN_OBJC_IMPLICIT_RETAIN_SELF = YES;
				CLANG_WARN_OBJC_LITERAL_CONVERSION = YES;
				CLANG_WARN_OBJC_ROOT_CLASS = YES_ERROR;
				CLANG_WARN_RANGE_LOOP_ANALYSIS = YES;
				CLANG_WARN_STRICT_PROTOTYPES = YES;
				CLANG_WARN_SUSPICIOUS_MOVE = YES;
				CLANG_WARN_UNGUARDED_AVAILABILITY = YES_AGGRESSIVE;
				CLANG_WARN_UNREACHABLE_CODE = YES;
				CLANG_WARN__DUPLICATE_METHOD_MATCH = YES;
				CODE_SIGN_IDENTITY = "iPhone Developer";
				COPY_PHASE_STRIP = NO;
				DEBUG_INFORMATION_FORMAT = dwarf;
				ENABLE_STRICT_OBJC_MSGSEND = YES;
				ENABLE_TESTABILITY = YES;
				GCC_C_LANGUAGE_STANDARD = gnu11;
				GCC_DYNAMIC_NO_PIC = NO;
				GCC_NO_COMMON_BLOCKS = YES;
				GCC_OPTIMIZATION_LEVEL = 0;
				GCC_PREPROCESSOR_DEFINITIONS = (
					"DEBUG=1",
					"$(inherited)",
				);
				GCC_WARN_64_TO_32_BIT_CONVERSION = YES;
				GCC_WARN_ABOUT_RETURN_TYPE = YES_ERROR;
				GCC_WARN_UNDECLARED_SELECTOR = YES;
				GCC_WARN_UNINITIALIZED_AUTOS = YES_AGGRESSIVE;
				GCC_WARN_UNUSED_FUNCTION = YES;
				GCC_WARN_UNUSED_VARIABLE = YES;
				IPHONEOS_DEPLOYMENT_TARGET = 11.4;
				MTL_ENABLE_DEBUG_INFO = YES;
				ONLY_ACTIVE_ARCH = YES;
				SDKROOT = iphoneos;
				SWIFT_ACTIVE_COMPILATION_CONDITIONS = DEBUG;
				SWIFT_OPTIMIZATION_LEVEL = "-Onone";
			};
			name = Debug;
		};
		73E840822146EA4200E4139F /* Release */ = {
			isa = XCBuildConfiguration;
			buildSettings = {
				ALWAYS_SEARCH_USER_PATHS = NO;
				CLANG_ANALYZER_NONNULL = YES;
				CLANG_ANALYZER_NUMBER_OBJECT_CONVERSION = YES_AGGRESSIVE;
				CLANG_CXX_LANGUAGE_STANDARD = "gnu++14";
				CLANG_CXX_LIBRARY = "libc++";
				CLANG_ENABLE_MODULES = YES;
				CLANG_ENABLE_OBJC_ARC = YES;
				CLANG_ENABLE_OBJC_WEAK = YES;
				CLANG_WARN_BLOCK_CAPTURE_AUTORELEASING = YES;
				CLANG_WARN_BOOL_CONVERSION = YES;
				CLANG_WARN_COMMA = YES;
				CLANG_WARN_CONSTANT_CONVERSION = YES;
				CLANG_WARN_DEPRECATED_OBJC_IMPLEMENTATIONS = YES;
				CLANG_WARN_DIRECT_OBJC_ISA_USAGE = YES_ERROR;
				CLANG_WARN_DOCUMENTATION_COMMENTS = YES;
				CLANG_WARN_EMPTY_BODY = YES;
				CLANG_WARN_ENUM_CONVERSION = YES;
				CLANG_WARN_INFINITE_RECURSION = YES;
				CLANG_WARN_INT_CONVERSION = YES;
				CLANG_WARN_NON_LITERAL_NULL_CONVERSION = YES;
				CLANG_WARN_OBJC_IMPLICIT_RETAIN_SELF = YES;
				CLANG_WARN_OBJC_LITERAL_CONVERSION = YES;
				CLANG_WARN_OBJC_ROOT_CLASS = YES_ERROR;
				CLANG_WARN_RANGE_LOOP_ANALYSIS = YES;
				CLANG_WARN_STRICT_PROTOTYPES = YES;
				CLANG_WARN_SUSPICIOUS_MOVE = YES;
				CLANG_WARN_UNGUARDED_AVAILABILITY = YES_AGGRESSIVE;
				CLANG_WARN_UNREACHABLE_CODE = YES;
				CLANG_WARN__DUPLICATE_METHOD_MATCH = YES;
				CODE_SIGN_IDENTITY = "iPhone Developer";
				COPY_PHASE_STRIP = NO;
				DEBUG_INFORMATION_FORMAT = "dwarf-with-dsym";
				ENABLE_NS_ASSERTIONS = NO;
				ENABLE_STRICT_OBJC_MSGSEND = YES;
				GCC_C_LANGUAGE_STANDARD = gnu11;
				GCC_NO_COMMON_BLOCKS = YES;
				GCC_WARN_64_TO_32_BIT_CONVERSION = YES;
				GCC_WARN_ABOUT_RETURN_TYPE = YES_ERROR;
				GCC_WARN_UNDECLARED_SELECTOR = YES;
				GCC_WARN_UNINITIALIZED_AUTOS = YES_AGGRESSIVE;
				GCC_WARN_UNUSED_FUNCTION = YES;
				GCC_WARN_UNUSED_VARIABLE = YES;
				IPHONEOS_DEPLOYMENT_TARGET = 11.4;
				MTL_ENABLE_DEBUG_INFO = NO;
				SDKROOT = iphoneos;
				SWIFT_COMPILATION_MODE = wholemodule;
				SWIFT_OPTIMIZATION_LEVEL = "-O";
				VALIDATE_PRODUCT = YES;
			};
			name = Release;
		};
		73E840842146EA4200E4139F /* Debug */ = {
			isa = XCBuildConfiguration;
			baseConfigurationReference = 6DD22BF8796C26BBC9777FE1 /* Pods-youtube-upload.debug.xcconfig */;
			buildSettings = {
				ASSETCATALOG_COMPILER_APPICON_NAME = AppIcon;
				CODE_SIGN_STYLE = Automatic;
				DEVELOPMENT_TEAM = 8VJRR72R2T;
				INFOPLIST_FILE = "youtube-upload/Info.plist";
				LD_RUNPATH_SEARCH_PATHS = (
					"$(inherited)",
					"@executable_path/Frameworks",
				);
				PRODUCT_BUNDLE_IDENTIFIER = "com.aviral.youtube-upload";
				PRODUCT_NAME = "$(TARGET_NAME)";
				SWIFT_VERSION = 4.0;
				TARGETED_DEVICE_FAMILY = "1,2";
			};
			name = Debug;
		};
		73E840852146EA4200E4139F /* Release */ = {
			isa = XCBuildConfiguration;
			baseConfigurationReference = 3C10781BE42F40E7E77ADF49 /* Pods-youtube-upload.release.xcconfig */;
			buildSettings = {
				ASSETCATALOG_COMPILER_APPICON_NAME = AppIcon;
				CODE_SIGN_STYLE = Automatic;
				DEVELOPMENT_TEAM = 8VJRR72R2T;
				INFOPLIST_FILE = "youtube-upload/Info.plist";
				LD_RUNPATH_SEARCH_PATHS = (
					"$(inherited)",
					"@executable_path/Frameworks",
				);
				PRODUCT_BUNDLE_IDENTIFIER = "com.aviral.youtube-upload";
				PRODUCT_NAME = "$(TARGET_NAME)";
				SWIFT_VERSION = 4.0;
				TARGETED_DEVICE_FAMILY = "1,2";
			};
			name = Release;
		};
		73E840872146EA4200E4139F /* Debug */ = {
			isa = XCBuildConfiguration;
			baseConfigurationReference = E41C0F532BD2392A75957A34 /* Pods-youtube-uploadTests.debug.xcconfig */;
			buildSettings = {
				ALWAYS_EMBED_SWIFT_STANDARD_LIBRARIES = YES;
				BUNDLE_LOADER = "$(TEST_HOST)";
				CODE_SIGN_STYLE = Automatic;
				INFOPLIST_FILE = "youtube-uploadTests/Info.plist";
				LD_RUNPATH_SEARCH_PATHS = (
					"$(inherited)",
					"@executable_path/Frameworks",
					"@loader_path/Frameworks",
				);
				PRODUCT_BUNDLE_IDENTIFIER = "com.aviral.youtube-uploadTests";
				PRODUCT_NAME = "$(TARGET_NAME)";
				SWIFT_VERSION = 4.0;
				TARGETED_DEVICE_FAMILY = "1,2";
				TEST_HOST = "$(BUILT_PRODUCTS_DIR)/youtube-upload.app/youtube-upload";
			};
			name = Debug;
		};
		73E840882146EA4200E4139F /* Release */ = {
			isa = XCBuildConfiguration;
			baseConfigurationReference = 4379A9A3D385994799FDA8EB /* Pods-youtube-uploadTests.release.xcconfig */;
			buildSettings = {
				ALWAYS_EMBED_SWIFT_STANDARD_LIBRARIES = YES;
				BUNDLE_LOADER = "$(TEST_HOST)";
				CODE_SIGN_STYLE = Automatic;
				INFOPLIST_FILE = "youtube-uploadTests/Info.plist";
				LD_RUNPATH_SEARCH_PATHS = (
					"$(inherited)",
					"@executable_path/Frameworks",
					"@loader_path/Frameworks",
				);
				PRODUCT_BUNDLE_IDENTIFIER = "com.aviral.youtube-uploadTests";
				PRODUCT_NAME = "$(TARGET_NAME)";
				SWIFT_VERSION = 4.0;
				TARGETED_DEVICE_FAMILY = "1,2";
				TEST_HOST = "$(BUILT_PRODUCTS_DIR)/youtube-upload.app/youtube-upload";
			};
			name = Release;
		};
		73E8408A2146EA4200E4139F /* Debug */ = {
			isa = XCBuildConfiguration;
			baseConfigurationReference = 91F65B73C27DA97F2F391AC8 /* Pods-youtube-uploadUITests.debug.xcconfig */;
			buildSettings = {
				ALWAYS_EMBED_SWIFT_STANDARD_LIBRARIES = YES;
				CODE_SIGN_STYLE = Automatic;
				INFOPLIST_FILE = "youtube-uploadUITests/Info.plist";
				LD_RUNPATH_SEARCH_PATHS = (
					"$(inherited)",
					"@executable_path/Frameworks",
					"@loader_path/Frameworks",
				);
				PRODUCT_BUNDLE_IDENTIFIER = "com.aviral.youtube-uploadUITests";
				PRODUCT_NAME = "$(TARGET_NAME)";
				SWIFT_VERSION = 4.0;
				TARGETED_DEVICE_FAMILY = "1,2";
				TEST_TARGET_NAME = "youtube-upload";
			};
			name = Debug;
		};
		73E8408B2146EA4200E4139F /* Release */ = {
			isa = XCBuildConfiguration;
			baseConfigurationReference = 3612D6E6DCF84E65771BF56F /* Pods-youtube-uploadUITests.release.xcconfig */;
			buildSettings = {
				ALWAYS_EMBED_SWIFT_STANDARD_LIBRARIES = YES;
				CODE_SIGN_STYLE = Automatic;
				INFOPLIST_FILE = "youtube-uploadUITests/Info.plist";
				LD_RUNPATH_SEARCH_PATHS = (
					"$(inherited)",
					"@executable_path/Frameworks",
					"@loader_path/Frameworks",
				);
				PRODUCT_BUNDLE_IDENTIFIER = "com.aviral.youtube-uploadUITests";
				PRODUCT_NAME = "$(TARGET_NAME)";
				SWIFT_VERSION = 4.0;
				TARGETED_DEVICE_FAMILY = "1,2";
				TEST_TARGET_NAME = "youtube-upload";
			};
			name = Release;
		};
/* End XCBuildConfiguration section */

/* Begin XCConfigurationList section */
		73E840562146EA3F00E4139F /* Build configuration list for PBXProject "youtube-upload" */ = {
			isa = XCConfigurationList;
			buildConfigurations = (
				73E840812146EA4200E4139F /* Debug */,
				73E840822146EA4200E4139F /* Release */,
			);
			defaultConfigurationIsVisible = 0;
			defaultConfigurationName = Release;
		};
		73E840832146EA4200E4139F /* Build configuration list for PBXNativeTarget "youtube-upload" */ = {
			isa = XCConfigurationList;
			buildConfigurations = (
				73E840842146EA4200E4139F /* Debug */,
				73E840852146EA4200E4139F /* Release */,
			);
			defaultConfigurationIsVisible = 0;
			defaultConfigurationName = Release;
		};
		73E840862146EA4200E4139F /* Build configuration list for PBXNativeTarget "youtube-uploadTests" */ = {
			isa = XCConfigurationList;
			buildConfigurations = (
				73E840872146EA4200E4139F /* Debug */,
				73E840882146EA4200E4139F /* Release */,
			);
			defaultConfigurationIsVisible = 0;
			defaultConfigurationName = Release;
		};
		73E840892146EA4200E4139F /* Build configuration list for PBXNativeTarget "youtube-uploadUITests" */ = {
			isa = XCConfigurationList;
			buildConfigurations = (
				73E8408A2146EA4200E4139F /* Debug */,
				73E8408B2146EA4200E4139F /* Release */,
			);
			defaultConfigurationIsVisible = 0;
			defaultConfigurationName = Release;
		};
/* End XCConfigurationList section */
	};
	rootObject = 73E840532146EA3E00E4139F /* Project object */;
}
